
Microsoft Visual Studio Solution File, Format Version 12.00
# Visual Studio Version 16
VisualStudioVersion = 16.0.29409.12
MinimumVisualStudioVersion = 10.0.40219.1
Project("{FAE04EC0-301F-11D3-BF4B-00C04F79EFBC}") = "AutoFixture.AutoEFCore", "AutoFixture.AutoEFCore\AutoFixture.AutoEFCore.csproj", "{B7524D2F-1AB2-4ADC-B79C-5E763DA03E8C}"
EndProject
Project("{FAE04EC0-301F-11D3-BF4B-00C04F79EFBC}") = "AutoFixture.AutoEFCore.Tests", "tests\AutoFixture.AutoEFCore.Tests\AutoFixture.AutoEFCore.Tests.csproj", "{99CA4E8E-07D8-4419-A896-74FF097C339E}"
EndProject
Project("{2150E333-8FDC-42A3-9474-1A3956D46DE8}") = "Tests", "Tests", "{E7FFEA53-E31A-43F7-A0CA-AEF7A7AE59DE}"
EndProject
Global
	GlobalSection(SolutionConfigurationPlatforms) = preSolution
		Debug|Any CPU = Debug|Any CPU
		Release|Any CPU = Release|Any CPU
	EndGlobalSection
	GlobalSection(ProjectConfigurationPlatforms) = postSolution
		{B7524D2F-1AB2-4ADC-B79C-5E763DA03E8C}.Debug|Any CPU.ActiveCfg = Debug|Any CPU
		{B7524D2F-1AB2-4ADC-B79C-5E763DA03E8C}.Debug|Any CPU.Build.0 = Debug|Any CPU
		{B7524D2F-1AB2-4ADC-B79C-5E763DA03E8C}.Release|Any CPU.ActiveCfg = Release|Any CPU
		{B7524D2F-1AB2-4ADC-B79C-5E763DA03E8C}.Release|Any CPU.Build.0 = Release|Any CPU
		{99CA4E8E-07D8-4419-A896-74FF097C339E}.Debug|Any CPU.ActiveCfg = Debug|Any CPU
		{99CA4E8E-07D8-4419-A896-74FF097C339E}.Debug|Any CPU.Build.0 = Debug|Any CPU
		{99CA4E8E-07D8-4419-A896-74FF097C339E}.Release|Any CPU.ActiveCfg = Release|Any CPU
		{99CA4E8E-07D8-4419-A896-74FF097C339E}.Release|Any CPU.Build.0 = Release|Any CPU
	EndGlobalSection
	GlobalSection(SolutionProperties) = preSolution
		HideSolutionNode = FALSE
	EndGlobalSection
	GlobalSection(NestedProjects) = preSolution
		{99CA4E8E-07D8-4419-A896-74FF097C339E} = {E7FFEA53-E31A-43F7-A0CA-AEF7A7AE59DE}
	EndGlobalSection
	GlobalSection(ExtensibilityGlobals) = postSolution
		SolutionGuid = {CBF14D09-229F-49A4-A7CA-7975072528FB}
	EndGlobalSection
EndGlobal
